// !$*UTF8*$!
{
	archiveVersion = 1;
	classes = {
	};
	objectVersion = 50;
	objects = {

/* Begin PBXBuildFile section */
		8813B2C8223B529300E58D40 /* AppDelegate.swift in Sources */ = {isa = PBXBuildFile; fileRef = 8813B2C7223B529300E58D40 /* AppDelegate.swift */; };
		8813B2CA223B529300E58D40 /* ViewController.swift in Sources */ = {isa = PBXBuildFile; fileRef = 8813B2C9223B529300E58D40 /* ViewController.swift */; };
		8813B2CD223B529300E58D40 /* Main.storyboard in Resources */ = {isa = PBXBuildFile; fileRef = 8813B2CB223B529300E58D40 /* Main.storyboard */; };
		8813B2CF223B529300E58D40 /* Assets.xcassets in Resources */ = {isa = PBXBuildFile; fileRef = 8813B2CE223B529300E58D40 /* Assets.xcassets */; };
		8813B2D2223B529300E58D40 /* LaunchScreen.storyboard in Resources */ = {isa = PBXBuildFile; fileRef = 8813B2D0223B529300E58D40 /* LaunchScreen.storyboard */; };
		8813B2DA223B52BF00E58D40 /* MetalParticleView.swift in Sources */ = {isa = PBXBuildFile; fileRef = 8813B2D9223B52BF00E58D40 /* MetalParticleView.swift */; };
		8813B2DC223B52D800E58D40 /* Shaders.metal in Sources */ = {isa = PBXBuildFile; fileRef = 8813B2DB223B52D800E58D40 /* Shaders.metal */; };
/* End PBXBuildFile section */

/* Begin PBXFileReference section */
		8813B2C4223B529300E58D40 /* BubbleParticle.app */ = {isa = PBXFileReference; explicitFileType = wrapper.application; includeInIndex = 0; path = BubbleParticle.app; sourceTree = BUILT_PRODUCTS_DIR; };
		8813B2C7223B529300E58D40 /* AppDelegate.swift */ = {isa = PBXFileReference; lastKnownFileType = sourcecode.swift; path = AppDelegate.swift; sourceTree = "<group>"; };
		8813B2C9223B529300E58D40 /* ViewController.swift */ = {isa = PBXFileReference; lastKnownFileType = sourcecode.swift; path = ViewController.swift; sourceTree = "<group>"; };
		8813B2CC223B529300E58D40 /* Base */ = {isa = PBXFileReference; lastKnownFileType = file.storyboard; name = Base; path = Base.lproj/Main.storyboard; sourceTree = "<group>"; };
		8813B2CE223B529300E58D40 /* Assets.xcassets */ = {isa = PBXFileReference; lastKnownFileType = folder.assetcatalog; path = Assets.xcassets; sourceTree = "<group>"; };
		8813B2D1223B529300E58D40 /* Base */ = {isa = PBXFileReference; lastKnownFileType = file.storyboard; name = Base; path = Base.lproj/LaunchScreen.storyboard; sourceTree = "<group>"; };
		8813B2D3223B529300E58D40 /* Info.plist */ = {isa = PBXFileReference; lastKnownFileType = text.plist.xml; path = Info.plist; sourceTree = "<group>"; };
		8813B2D9223B52BF00E58D40 /* MetalParticleView.swift */ = {isa = PBXFileReference; fileEncoding = 4; lastKnownFileType = sourcecode.swift; path = MetalParticleView.swift; sourceTree = "<group>"; };
		8813B2DB223B52D800E58D40 /* Shaders.metal */ = {isa = PBXFileReference; fileEncoding = 4; lastKnownFileType = sourcecode.metal; path = Shaders.metal; sourceTree = "<group>"; };
/* End PBXFileReference section */

/* Begin PBXFrameworksBuildPhase section */
		8813B2C1223B529300E58D40 /* Frameworks */ = {
			isa = PBXFrameworksBuildPhase;
			buildActionMask = 2147483647;
			files = (
			);
			runOnlyForDeploymentPostprocessing = 0;
		};
/* End PBXFrameworksBuildPhase section */

/* Begin PBXGroup section */
		8813B2BB223B529300E58D40 = {
			isa = PBXGroup;
			children = (
				8813B2C6223B529300E58D40 /* BubbleParticle */,
				8813B2C5223B529300E58D40 /* Products */,
			);
			sourceTree = "<group>";
		};
		8813B2C5223B529300E58D40 /* Products */ = {
			isa = PBXGroup;
			children = (
				8813B2C4223B529300E58D40 /* BubbleParticle.app */,
			);
			name = Products;
			sourceTree = "<group>";
		};
		8813B2C6223B529300E58D40 /* BubbleParticle */ = {
			isa = PBXGroup;
			children = (
				8813B2DB223B52D800E58D40 /* Shaders.metal */,
				8813B2D9223B52BF00E58D40 /* MetalParticleView.swift */,
				8813B2C7223B529300E58D40 /* AppDelegate.swift */,
				8813B2C9223B529300E58D40 /* ViewController.swift */,
				8813B2CB223B529300E58D40 /* Main.storyboard */,
				8813B2CE223B529300E58D40 /* Assets.xcassets */,
				8813B2D0223B529300E58D40 /* LaunchScreen.storyboard */,
				8813B2D3223B529300E58D40 /* Info.plist */,
			);
			path = BubbleParticle;
			sourceTree = "<group>";
		};
/* End PBXGroup section */

/* Begin PBXNativeTarget section */
		8813B2C3223B529300E58D40 /* BubbleParticle */ = {
			isa = PBXNativeTarget;
			buildConfigurationList = 8813B2D6223B529300E58D40 /* Build configuration list for PBXNativeTarget "BubbleParticle" */;
			buildPhases = (
				8813B2C0223B529300E58D40 /* Sources */,
				8813B2C1223B529300E58D40 /* Frameworks */,
				8813B2C2223B529300E58D40 /* Resources */,
			);
			buildRules = (
			);
			dependencies = (
			);
			name = BubbleParticle;
			productName = BubbleParticle;
			productReference = 8813B2C4223B529300E58D40 /* BubbleParticle.app */;
			productType = "com.apple.product-type.application";
		};
/* End PBXNativeTarget section */

/* Begin PBXProject section */
		8813B2BC223B529300E58D40 /* Project object */ = {
			isa = PBXProject;
			attributes = {
				LastSwiftUpdateCheck = 1010;
				LastUpgradeCheck = 1010;
				ORGANIZATIONNAME = Polymath;
				TargetAttributes = {
					8813B2C3223B529300E58D40 = {
						CreatedOnToolsVersion = 10.1;
					};
				};
			};
			buildConfigurationList = 8813B2BF223B529300E58D40 /* Build configuration list for PBXProject "BubbleParticle" */;
			compatibilityVersion = "Xcode 9.3";
			developmentRegion = en;
			hasScannedForEncodings = 0;
			knownRegions = (
				en,
				Base,
			);
			mainGroup = 8813B2BB223B529300E58D40;
			productRefGroup = 8813B2C5223B529300E58D40 /* Products */;
			projectDirPath = "";
			projectRoot = "";
			targets = (
				8813B2C3223B529300E58D40 /* BubbleParticle */,
			);
		};
/* End PBXProject section */

/* Begin PBXResourcesBuildPhase section */
		8813B2C2223B529300E58D40 /* Resources */ = {
			isa = PBXResourcesBuildPhase;
			buildActionMask = 2147483647;
			files = (
				8813B2D2223B529300E58D40 /* LaunchScreen.storyboard in Resources */,
				8813B2CF223B529300E58D40 /* Assets.xcassets in Resources */,
				8813B2CD223B529300E58D40 /* Main.storyboard in Resources */,
			);
			runOnlyForDeploymentPostprocessing = 0;
		};
/* End PBXResourcesBuildPhase section */

/* Begin PBXSourcesBuildPhase section */
		8813B2C0223B529300E58D40 /* Sources */ = {
			isa = PBXSourcesBuildPhase;
			buildActionMask = 2147483647;
			files = (
				8813B2DC223B52D800E58D40 /* Shaders.metal in Sources */,
				8813B2CA223B529300E58D40 /* ViewController.swift in Sources */,
				8813B2DA223B52BF00E58D40 /* MetalParticleView.swift in Sources */,
				8813B2C8223B529300E58D40 /* AppDelegate.swift in Sources */,
			);
			runOnlyForDeploymentPostprocessing = 0;
		};
/* End PBXSourcesBuildPhase section */

/* Begin PBXVariantGroup section */
		8813B2CB223B529300E58D40 /* Main.storyboard */ = {
			isa = PBXVariantGroup;
			children = (
				8813B2CC223B529300E58D40 /* Base */,
			);
			name = Main.storyboard;
			sourceTree = "<group>";
		};
		8813B2D0223B529300E58D40 /* LaunchScreen.storyboard */ = {
			isa = PBXVariantGroup;
			children = (
				8813B2D1223B529300E58D40 /* Base */,
			);
			name = LaunchScreen.storyboard;
			sourceTree = "<group>";
		};
/* End PBXVariantGroup section */

/* Begin XCBuildConfiguration section */
		8813B2D4223B529300E58D40 /* Debug */ = {
			isa = XCBuildConfiguration;
			buildSettings = {
				ALWAYS_SEARCH_USER_PATHS = NO;
				CLANG_ANALYZER_NONNULL = YES;
				CLANG_ANALYZER_NUMBER_OBJECT_CONVERSION = YES_AGGRESSIVE;
				CLANG_CXX_LANGUAGE_STANDARD = "gnu++14";
				CLANG_CXX_LIBRARY = "libc++";
				CLANG_ENABLE_MODULES = YES;
				CLANG_ENABLE_OBJC_ARC = YES;
				CLANG_ENABLE_OBJC_WEAK = YES;
				CLANG_WARN_BLOCK_CAPTURE_AUTORELEASING = YES;
				CLANG_WARN_BOOL_CONVERSION = YES;
				CLANG_WARN_COMMA = YES;
				CLANG_WARN_CONSTANT_CONVERSION = YES;
				CLANG_WARN_DEPRECATED_OBJC_IMPLEMENTATIONS = YES;
				CLANG_WARN_DIRECT_OBJC_ISA_USAGE = YES_ERROR;
				CLANG_WARN_DOCUMENTATION_COMMENTS = YES;
				CLANG_WARN_EMPTY_BODY = YES;
				CLANG_WARN_ENUM_CONVERSION = YES;
				CLANG_WARN_INFINITE_RECURSION = YES;
				CLANG_WARN_INT_CONVERSION = YES;
				CLANG_WARN_NON_LITERAL_NULL_CONVERSION = YES;
				CLANG_WARN_OBJC_IMPLICIT_RETAIN_SELF = YES;
				CLANG_WARN_OBJC_LITERAL_CONVERSION = YES;
				CLANG_WARN_OBJC_ROOT_CLASS = YES_ERROR;
				CLANG_WARN_RANGE_LOOP_ANALYSIS = YES;
				CLANG_WARN_STRICT_PROTOTYPES = YES;
				CLANG_WARN_SUSPICIOUS_MOVE = YES;
				CLANG_WARN_UNGUARDED_AVAILABILITY = YES_AGGRESSIVE;
				CLANG_WARN_UNREACHABLE_CODE = YES;
				CLANG_WARN__DUPLICATE_METHOD_MATCH = YES;
				CODE_SIGN_IDENTITY = "iPhone Developer";
				COPY_PHASE_STRIP = NO;
				DEBUG_INFORMATION_FORMAT = dwarf;
				ENABLE_STRICT_OBJC_MSGSEND = YES;
				ENABLE_TESTABILITY = YES;
				GCC_C_LANGUAGE_STANDARD = gnu11;
				GCC_DYNAMIC_NO_PIC = NO;
				GCC_NO_COMMON_BLOCKS = YES;
				GCC_OPTIMIZATION_LEVEL = 0;
				GCC_PREPROCESSOR_DEFINITIONS = (
					"DEBUG=1",
					"$(inherited)",
				);
				GCC_WARN_64_TO_32_BIT_CONVERSION = YES;
				GCC_WARN_ABOUT_RETURN_TYPE = YES_ERROR;
				GCC_WARN_UNDECLARED_SELECTOR = YES;
				GCC_WARN_UNINITIALIZED_AUTOS = YES_AGGRESSIVE;
				GCC_WARN_UNUSED_FUNCTION = YES;
				GCC_WARN_UNUSED_VARIABLE = YES;
				IPHONEOS_DEPLOYMENT_TARGET = 12.1;
				MTL_ENABLE_DEBUG_INFO = INCLUDE_SOURCE;
				MTL_FAST_MATH = YES;
				ONLY_ACTIVE_ARCH = YES;
				SDKROOT = iphoneos;
				SWIFT_ACTIVE_COMPILATION_CONDITIONS = DEBUG;
				SWIFT_OPTIMIZATION_LEVEL = "-Onone";
			};
			name = Debug;
		};
		8813B2D5223B529300E58D40 /* Release */ = {
			isa = XCBuildConfiguration;
			buildSettings = {
				ALWAYS_SEARCH_USER_PATHS = NO;
				CLANG_ANALYZER_NONNULL = YES;
				CLANG_ANALYZER_NUMBER_OBJECT_CONVERSION = YES_AGGRESSIVE;
				CLANG_CXX_LANGUAGE_STANDARD = "gnu++14";
				CLANG_CXX_LIBRARY = "libc++";
				CLANG_ENABLE_MODULES = YES;
				CLANG_ENABLE_OBJC_ARC = YES;
				CLANG_ENABLE_OBJC_WEAK = YES;
				CLANG_WARN_BLOCK_CAPTURE_AUTORELEASING = YES;
				CLANG_WARN_BOOL_CONVERSION = YES;
				CLANG_WARN_COMMA = YES;
				CLANG_WARN_CONSTANT_CONVERSION = YES;
				CLANG_WARN_DEPRECATED_OBJC_IMPLEMENTATIONS = YES;
				CLANG_WARN_DIRECT_OBJC_ISA_USAGE = YES_ERROR;
				CLANG_WARN_DOCUMENTATION_COMMENTS = YES;
				CLANG_WARN_EMPTY_BODY = YES;
				CLANG_WARN_ENUM_CONVERSION = YES;
				CLANG_WARN_INFINITE_RECURSION = YES;
				CLANG_WARN_INT_CONVERSION = YES;
				CLANG_WARN_NON_LITERAL_NULL_CONVERSION = YES;
				CLANG_WARN_OBJC_IMPLICIT_RETAIN_SELF = YES;
				CLANG_WARN_OBJC_LITERAL_CONVERSION = YES;
				CLANG_WARN_OBJC_ROOT_CLASS = YES_ERROR;
				CLANG_WARN_RANGE_LOOP_ANALYSIS = YES;
				CLANG_WARN_STRICT_PROTOTYPES = YES;
				CLANG_WARN_SUSPICIOUS_MOVE = YES;
				CLANG_WARN_UNGUARDED_AVAILABILITY = YES_AGGRESSIVE;
				CLANG_WARN_UNREACHABLE_CODE = YES;
				CLANG_WARN__DUPLICATE_METHOD_MATCH = YES;
				CODE_SIGN_IDENTITY = "iPhone Developer";
				COPY_PHASE_STRIP = NO;
				DEBUG_INFORMATION_FORMAT = "dwarf-with-dsym";
				ENABLE_NS_ASSERTIONS = NO;
				ENABLE_STRICT_OBJC_MSGSEND = YES;
				GCC_C_LANGUAGE_STANDARD = gnu11;
				GCC_NO_COMMON_BLOCKS = YES;
				GCC_WARN_64_TO_32_BIT_CONVERSION = YES;
				GCC_WARN_ABOUT_RETURN_TYPE = YES_ERROR;
				GCC_WARN_UNDECLARED_SELECTOR = YES;
				GCC_WARN_UNINITIALIZED_AUTOS = YES_AGGRESSIVE;
				GCC_WARN_UNUSED_FUNCTION = YES;
				GCC_WARN_UNUSED_VARIABLE = YES;
				IPHONEOS_DEPLOYMENT_TARGET = 12.1;
				MTL_ENABLE_DEBUG_INFO = NO;
				MTL_FAST_MATH = YES;
				SDKROOT = iphoneos;
				SWIFT_COMPILATION_MODE = wholemodule;
				SWIFT_OPTIMIZATION_LEVEL = "-O";
				VALIDATE_PRODUCT = YES;
			};
			name = Release;
		};
		8813B2D7223B529300E58D40 /* Debug */ = {
			isa = XCBuildConfiguration;
			buildSettings = {
				ASSETCATALOG_COMPILER_APPICON_NAME = AppIcon;
				CODE_SIGN_STYLE = Automatic;
				DEVELOPMENT_TEAM = 8X2UF2GG54;
				INFOPLIST_FILE = BubbleParticle/Info.plist;
				LD_RUNPATH_SEARCH_PATHS = (
					"$(inherited)",
					"@executable_path/Frameworks",
				);
				PRODUCT_BUNDLE_IDENTIFIER = com.polymath.BubbleParticle;
				PRODUCT_NAME = "$(TARGET_NAME)";
				SWIFT_VERSION = 4.2;
				TARGETED_DEVICE_FAMILY = "1,2";
			};
			name = Debug;
		};
		8813B2D8223B529300E58D40 /* Release */ = {
			isa = XCBuildConfiguration;
			buildSettings = {
				ASSETCATALOG_COMPILER_APPICON_NAME = AppIcon;
				CODE_SIGN_STYLE = Automatic;
				DEVELOPMENT_TEAM = 8X2UF2GG54;
				INFOPLIST_FILE = BubbleParticle/Info.plist;
				LD_RUNPATH_SEARCH_PATHS = (
					"$(inherited)",
					"@executable_path/Frameworks",
				);
				PRODUCT_BUNDLE_IDENTIFIER = com.polymath.BubbleParticle;
				PRODUCT_NAME = "$(TARGET_NAME)";
				SWIFT_VERSION = 4.2;
				TARGETED_DEVICE_FAMILY = "1,2";
			};
			name = Release;
		};
/* End XCBuildConfiguration section */

/* Begin XCConfigurationList section */
		8813B2BF223B529300E58D40 /* Build configuration list for PBXProject "BubbleParticle" */ = {
			isa = XCConfigurationList;
			buildConfigurations = (
				8813B2D4223B529300E58D40 /* Debug */,
				8813B2D5223B529300E58D40 /* Release */,
			);
			defaultConfigurationIsVisible = 0;
			defaultConfigurationName = Release;
		};
		8813B2D6223B529300E58D40 /* Build configuration list for PBXNativeTarget "BubbleParticle" */ = {
			isa = XCConfigurationList;
			buildConfigurations = (
				8813B2D7223B529300E58D40 /* Debug */,
				8813B2D8223B529300E58D40 /* Release */,
			);
			defaultConfigurationIsVisible = 0;
			defaultConfigurationName = Release;
		};
/* End XCConfigurationList section */
	};
	rootObject = 8813B2BC223B529300E58D40 /* Project object */;
}
