// !$*UTF8*$!
{
	archiveVersion = 1;
	classes = {
	};
	objectVersion = 50;
	objects = {

/* Begin PBXBuildFile section */
		8854BF48225EF2900027F26E /* AppDelegate.swift in Sources */ = {isa = PBXBuildFile; fileRef = 8854BF47225EF2900027F26E /* AppDelegate.swift */; };
		8854BF4A225EF2900027F26E /* ViewController.swift in Sources */ = {isa = PBXBuildFile; fileRef = 8854BF49225EF2900027F26E /* ViewController.swift */; };
		8854BF4D225EF2900027F26E /* Main.storyboard in Resources */ = {isa = PBXBuildFile; fileRef = 8854BF4B225EF2900027F26E /* Main.storyboard */; };
		8854BF4F225EF2910027F26E /* Assets.xcassets in Resources */ = {isa = PBXBuildFile; fileRef = 8854BF4E225EF2910027F26E /* Assets.xcassets */; };
		8854BF52225EF2910027F26E /* LaunchScreen.storyboard in Resources */ = {isa = PBXBuildFile; fileRef = 8854BF50225EF2910027F26E /* LaunchScreen.storyboard */; };
		8854BF5B225EF2B40027F26E /* MetalView.swift in Sources */ = {isa = PBXBuildFile; fileRef = 8854BF59225EF2B40027F26E /* MetalView.swift */; };
		8854BF5C225EF2B40027F26E /* Shaders.metal in Sources */ = {isa = PBXBuildFile; fileRef = 8854BF5A225EF2B40027F26E /* Shaders.metal */; };
		8854BF5E225EF3240027F26E /* Types.swift in Sources */ = {isa = PBXBuildFile; fileRef = 8854BF5D225EF3240027F26E /* Types.swift */; };
/* End PBXBuildFile section */

/* Begin PBXFileReference section */
		8854BF44225EF2900027F26E /* MetalMultiColor.app */ = {isa = PBXFileReference; explicitFileType = wrapper.application; includeInIndex = 0; path = MetalMultiColor.app; sourceTree = BUILT_PRODUCTS_DIR; };
		8854BF47225EF2900027F26E /* AppDelegate.swift */ = {isa = PBXFileReference; lastKnownFileType = sourcecode.swift; path = AppDelegate.swift; sourceTree = "<group>"; };
		8854BF49225EF2900027F26E /* ViewController.swift */ = {isa = PBXFileReference; lastKnownFileType = sourcecode.swift; path = ViewController.swift; sourceTree = "<group>"; };
		8854BF4C225EF2900027F26E /* Base */ = {isa = PBXFileReference; lastKnownFileType = file.storyboard; name = Base; path = Base.lproj/Main.storyboard; sourceTree = "<group>"; };
		8854BF4E225EF2910027F26E /* Assets.xcassets */ = {isa = PBXFileReference; lastKnownFileType = folder.assetcatalog; path = Assets.xcassets; sourceTree = "<group>"; };
		8854BF51225EF2910027F26E /* Base */ = {isa = PBXFileReference; lastKnownFileType = file.storyboard; name = Base; path = Base.lproj/LaunchScreen.storyboard; sourceTree = "<group>"; };
		8854BF53225EF2910027F26E /* Info.plist */ = {isa = PBXFileReference; lastKnownFileType = text.plist.xml; path = Info.plist; sourceTree = "<group>"; };
		8854BF59225EF2B40027F26E /* MetalView.swift */ = {isa = PBXFileReference; fileEncoding = 4; lastKnownFileType = sourcecode.swift; path = MetalView.swift; sourceTree = "<group>"; };
		8854BF5A225EF2B40027F26E /* Shaders.metal */ = {isa = PBXFileReference; fileEncoding = 4; lastKnownFileType = sourcecode.metal; path = Shaders.metal; sourceTree = "<group>"; };
		8854BF5D225EF3240027F26E /* Types.swift */ = {isa = PBXFileReference; lastKnownFileType = sourcecode.swift; path = Types.swift; sourceTree = "<group>"; };
/* End PBXFileReference section */

/* Begin PBXFrameworksBuildPhase section */
		8854BF41225EF2900027F26E /* Frameworks */ = {
			isa = PBXFrameworksBuildPhase;
			buildActionMask = 2147483647;
			files = (
			);
			runOnlyForDeploymentPostprocessing = 0;
		};
/* End PBXFrameworksBuildPhase section */

/* Begin PBXGroup section */
		8854BF3B225EF2900027F26E = {
			isa = PBXGroup;
			children = (
				8854BF46225EF2900027F26E /* MetalMultiColor */,
				8854BF45225EF2900027F26E /* Products */,
			);
			sourceTree = "<group>";
		};
		8854BF45225EF2900027F26E /* Products */ = {
			isa = PBXGroup;
			children = (
				8854BF44225EF2900027F26E /* MetalMultiColor.app */,
			);
			name = Products;
			sourceTree = "<group>";
		};
		8854BF46225EF2900027F26E /* MetalMultiColor */ = {
			isa = PBXGroup;
			children = (
				8854BF47225EF2900027F26E /* AppDelegate.swift */,
				8854BF49225EF2900027F26E /* ViewController.swift */,
				8854BF4B225EF2900027F26E /* Main.storyboard */,
				8854BF4E225EF2910027F26E /* Assets.xcassets */,
				8854BF50225EF2910027F26E /* LaunchScreen.storyboard */,
				8854BF53225EF2910027F26E /* Info.plist */,
				8854BF59225EF2B40027F26E /* MetalView.swift */,
				8854BF5A225EF2B40027F26E /* Shaders.metal */,
				8854BF5D225EF3240027F26E /* Types.swift */,
			);
			path = MetalMultiColor;
			sourceTree = "<group>";
		};
/* End PBXGroup section */

/* Begin PBXNativeTarget section */
		8854BF43225EF2900027F26E /* MetalMultiColor */ = {
			isa = PBXNativeTarget;
			buildConfigurationList = 8854BF56225EF2910027F26E /* Build configuration list for PBXNativeTarget "MetalMultiColor" */;
			buildPhases = (
				8854BF40225EF2900027F26E /* Sources */,
				8854BF41225EF2900027F26E /* Frameworks */,
				8854BF42225EF2900027F26E /* Resources */,
			);
			buildRules = (
			);
			dependencies = (
			);
			name = MetalMultiColor;
			productName = MetalMultiColor;
			productReference = 8854BF44225EF2900027F26E /* MetalMultiColor.app */;
			productType = "com.apple.product-type.application";
		};
/* End PBXNativeTarget section */

/* Begin PBXProject section */
		8854BF3C225EF2900027F26E /* Project object */ = {
			isa = PBXProject;
			attributes = {
				LastSwiftUpdateCheck = 1020;
				LastUpgradeCheck = 1020;
				ORGANIZATIONNAME = Polymath;
				TargetAttributes = {
					8854BF43225EF2900027F26E = {
						CreatedOnToolsVersion = 10.2;
					};
				};
			};
			buildConfigurationList = 8854BF3F225EF2900027F26E /* Build configuration list for PBXProject "MetalMultiColor" */;
			compatibilityVersion = "Xcode 9.3";
			developmentRegion = en;
			hasScannedForEncodings = 0;
			knownRegions = (
				en,
				Base,
			);
			mainGroup = 8854BF3B225EF2900027F26E;
			productRefGroup = 8854BF45225EF2900027F26E /* Products */;
			projectDirPath = "";
			projectRoot = "";
			targets = (
				8854BF43225EF2900027F26E /* MetalMultiColor */,
			);
		};
/* End PBXProject section */

/* Begin PBXResourcesBuildPhase section */
		8854BF42225EF2900027F26E /* Resources */ = {
			isa = PBXResourcesBuildPhase;
			buildActionMask = 2147483647;
			files = (
				8854BF52225EF2910027F26E /* LaunchScreen.storyboard in Resources */,
				8854BF4F225EF2910027F26E /* Assets.xcassets in Resources */,
				8854BF4D225EF2900027F26E /* Main.storyboard in Resources */,
			);
			runOnlyForDeploymentPostprocessing = 0;
		};
/* End PBXResourcesBuildPhase section */

/* Begin PBXSourcesBuildPhase section */
		8854BF40225EF2900027F26E /* Sources */ = {
			isa = PBXSourcesBuildPhase;
			buildActionMask = 2147483647;
			files = (
				8854BF5C225EF2B40027F26E /* Shaders.metal in Sources */,
				8854BF5B225EF2B40027F26E /* MetalView.swift in Sources */,
				8854BF4A225EF2900027F26E /* ViewController.swift in Sources */,
				8854BF5E225EF3240027F26E /* Types.swift in Sources */,
				8854BF48225EF2900027F26E /* AppDelegate.swift in Sources */,
			);
			runOnlyForDeploymentPostprocessing = 0;
		};
/* End PBXSourcesBuildPhase section */

/* Begin PBXVariantGroup section */
		8854BF4B225EF2900027F26E /* Main.storyboard */ = {
			isa = PBXVariantGroup;
			children = (
				8854BF4C225EF2900027F26E /* Base */,
			);
			name = Main.storyboard;
			sourceTree = "<group>";
		};
		8854BF50225EF2910027F26E /* LaunchScreen.storyboard */ = {
			isa = PBXVariantGroup;
			children = (
				8854BF51225EF2910027F26E /* Base */,
			);
			name = LaunchScreen.storyboard;
			sourceTree = "<group>";
		};
/* End PBXVariantGroup section */

/* Begin XCBuildConfiguration section */
		8854BF54225EF2910027F26E /* Debug */ = {
			isa = XCBuildConfiguration;
			buildSettings = {
				ALWAYS_SEARCH_USER_PATHS = NO;
				CLANG_ANALYZER_NONNULL = YES;
				CLANG_ANALYZER_NUMBER_OBJECT_CONVERSION = YES_AGGRESSIVE;
				CLANG_CXX_LANGUAGE_STANDARD = "gnu++14";
				CLANG_CXX_LIBRARY = "libc++";
				CLANG_ENABLE_MODULES = YES;
				CLANG_ENABLE_OBJC_ARC = YES;
				CLANG_ENABLE_OBJC_WEAK = YES;
				CLANG_WARN_BLOCK_CAPTURE_AUTORELEASING = YES;
				CLANG_WARN_BOOL_CONVERSION = YES;
				CLANG_WARN_COMMA = YES;
				CLANG_WARN_CONSTANT_CONVERSION = YES;
				CLANG_WARN_DEPRECATED_OBJC_IMPLEMENTATIONS = YES;
				CLANG_WARN_DIRECT_OBJC_ISA_USAGE = YES_ERROR;
				CLANG_WARN_DOCUMENTATION_COMMENTS = YES;
				CLANG_WARN_EMPTY_BODY = YES;
				CLANG_WARN_ENUM_CONVERSION = YES;
				CLANG_WARN_INFINITE_RECURSION = YES;
				CLANG_WARN_INT_CONVERSION = YES;
				CLANG_WARN_NON_LITERAL_NULL_CONVERSION = YES;
				CLANG_WARN_OBJC_IMPLICIT_RETAIN_SELF = YES;
				CLANG_WARN_OBJC_LITERAL_CONVERSION = YES;
				CLANG_WARN_OBJC_ROOT_CLASS = YES_ERROR;
				CLANG_WARN_RANGE_LOOP_ANALYSIS = YES;
				CLANG_WARN_STRICT_PROTOTYPES = YES;
				CLANG_WARN_SUSPICIOUS_MOVE = YES;
				CLANG_WARN_UNGUARDED_AVAILABILITY = YES_AGGRESSIVE;
				CLANG_WARN_UNREACHABLE_CODE = YES;
				CLANG_WARN__DUPLICATE_METHOD_MATCH = YES;
				CODE_SIGN_IDENTITY = "iPhone Developer";
				COPY_PHASE_STRIP = NO;
				DEBUG_INFORMATION_FORMAT = dwarf;
				ENABLE_STRICT_OBJC_MSGSEND = YES;
				ENABLE_TESTABILITY = YES;
				GCC_C_LANGUAGE_STANDARD = gnu11;
				GCC_DYNAMIC_NO_PIC = NO;
				GCC_NO_COMMON_BLOCKS = YES;
				GCC_OPTIMIZATION_LEVEL = 0;
				GCC_PREPROCESSOR_DEFINITIONS = (
					"DEBUG=1",
					"$(inherited)",
				);
				GCC_WARN_64_TO_32_BIT_CONVERSION = YES;
				GCC_WARN_ABOUT_RETURN_TYPE = YES_ERROR;
				GCC_WARN_UNDECLARED_SELECTOR = YES;
				GCC_WARN_UNINITIALIZED_AUTOS = YES_AGGRESSIVE;
				GCC_WARN_UNUSED_FUNCTION = YES;
				GCC_WARN_UNUSED_VARIABLE = YES;
				IPHONEOS_DEPLOYMENT_TARGET = 12.2;
				MTL_ENABLE_DEBUG_INFO = INCLUDE_SOURCE;
				MTL_FAST_MATH = YES;
				ONLY_ACTIVE_ARCH = YES;
				SDKROOT = iphoneos;
				SWIFT_ACTIVE_COMPILATION_CONDITIONS = DEBUG;
				SWIFT_OPTIMIZATION_LEVEL = "-Onone";
			};
			name = Debug;
		};
		8854BF55225EF2910027F26E /* Release */ = {
			isa = XCBuildConfiguration;
			buildSettings = {
				ALWAYS_SEARCH_USER_PATHS = NO;
				CLANG_ANALYZER_NONNULL = YES;
				CLANG_ANALYZER_NUMBER_OBJECT_CONVERSION = YES_AGGRESSIVE;
				CLANG_CXX_LANGUAGE_STANDARD = "gnu++14";
				CLANG_CXX_LIBRARY = "libc++";
				CLANG_ENABLE_MODULES = YES;
				CLANG_ENABLE_OBJC_ARC = YES;
				CLANG_ENABLE_OBJC_WEAK = YES;
				CLANG_WARN_BLOCK_CAPTURE_AUTORELEASING = YES;
				CLANG_WARN_BOOL_CONVERSION = YES;
				CLANG_WARN_COMMA = YES;
				CLANG_WARN_CONSTANT_CONVERSION = YES;
				CLANG_WARN_DEPRECATED_OBJC_IMPLEMENTATIONS = YES;
				CLANG_WARN_DIRECT_OBJC_ISA_USAGE = YES_ERROR;
				CLANG_WARN_DOCUMENTATION_COMMENTS = YES;
				CLANG_WARN_EMPTY_BODY = YES;
				CLANG_WARN_ENUM_CONVERSION = YES;
				CLANG_WARN_INFINITE_RECURSION = YES;
				CLANG_WARN_INT_CONVERSION = YES;
				CLANG_WARN_NON_LITERAL_NULL_CONVERSION = YES;
				CLANG_WARN_OBJC_IMPLICIT_RETAIN_SELF = YES;
				CLANG_WARN_OBJC_LITERAL_CONVERSION = YES;
				CLANG_WARN_OBJC_ROOT_CLASS = YES_ERROR;
				CLANG_WARN_RANGE_LOOP_ANALYSIS = YES;
				CLANG_WARN_STRICT_PROTOTYPES = YES;
				CLANG_WARN_SUSPICIOUS_MOVE = YES;
				CLANG_WARN_UNGUARDED_AVAILABILITY = YES_AGGRESSIVE;
				CLANG_WARN_UNREACHABLE_CODE = YES;
				CLANG_WARN__DUPLICATE_METHOD_MATCH = YES;
				CODE_SIGN_IDENTITY = "iPhone Developer";
				COPY_PHASE_STRIP = NO;
				DEBUG_INFORMATION_FORMAT = "dwarf-with-dsym";
				ENABLE_NS_ASSERTIONS = NO;
				ENABLE_STRICT_OBJC_MSGSEND = YES;
				GCC_C_LANGUAGE_STANDARD = gnu11;
				GCC_NO_COMMON_BLOCKS = YES;
				GCC_WARN_64_TO_32_BIT_CONVERSION = YES;
				GCC_WARN_ABOUT_RETURN_TYPE = YES_ERROR;
				GCC_WARN_UNDECLARED_SELECTOR = YES;
				GCC_WARN_UNINITIALIZED_AUTOS = YES_AGGRESSIVE;
				GCC_WARN_UNUSED_FUNCTION = YES;
				GCC_WARN_UNUSED_VARIABLE = YES;
				IPHONEOS_DEPLOYMENT_TARGET = 12.2;
				MTL_ENABLE_DEBUG_INFO = NO;
				MTL_FAST_MATH = YES;
				SDKROOT = iphoneos;
				SWIFT_COMPILATION_MODE = wholemodule;
				SWIFT_OPTIMIZATION_LEVEL = "-O";
				VALIDATE_PRODUCT = YES;
			};
			name = Release;
		};
		8854BF57225EF2910027F26E /* Debug */ = {
			isa = XCBuildConfiguration;
			buildSettings = {
				ASSETCATALOG_COMPILER_APPICON_NAME = AppIcon;
				CODE_SIGN_STYLE = Automatic;
				DEVELOPMENT_TEAM = 8X2UF2GG54;
				INFOPLIST_FILE = MetalMultiColor/Info.plist;
				LD_RUNPATH_SEARCH_PATHS = (
					"$(inherited)",
					"@executable_path/Frameworks",
				);
				PRODUCT_BUNDLE_IDENTIFIER = com.polymath.MetalMultiColor;
				PRODUCT_NAME = "$(TARGET_NAME)";
				SWIFT_VERSION = 5.0;
				TARGETED_DEVICE_FAMILY = "1,2";
			};
			name = Debug;
		};
		8854BF58225EF2910027F26E /* Release */ = {
			isa = XCBuildConfiguration;
			buildSettings = {
				ASSETCATALOG_COMPILER_APPICON_NAME = AppIcon;
				CODE_SIGN_STYLE = Automatic;
				DEVELOPMENT_TEAM = 8X2UF2GG54;
				INFOPLIST_FILE = MetalMultiColor/Info.plist;
				LD_RUNPATH_SEARCH_PATHS = (
					"$(inherited)",
					"@executable_path/Frameworks",
				);
				PRODUCT_BUNDLE_IDENTIFIER = com.polymath.MetalMultiColor;
				PRODUCT_NAME = "$(TARGET_NAME)";
				SWIFT_VERSION = 5.0;
				TARGETED_DEVICE_FAMILY = "1,2";
			};
			name = Release;
		};
/* End XCBuildConfiguration section */

/* Begin XCConfigurationList section */
		8854BF3F225EF2900027F26E /* Build configuration list for PBXProject "MetalMultiColor" */ = {
			isa = XCConfigurationList;
			buildConfigurations = (
				8854BF54225EF2910027F26E /* Debug */,
				8854BF55225EF2910027F26E /* Release */,
			);
			defaultConfigurationIsVisible = 0;
			defaultConfigurationName = Release;
		};
		8854BF56225EF2910027F26E /* Build configuration list for PBXNativeTarget "MetalMultiColor" */ = {
			isa = XCConfigurationList;
			buildConfigurations = (
				8854BF57225EF2910027F26E /* Debug */,
				8854BF58225EF2910027F26E /* Release */,
			);
			defaultConfigurationIsVisible = 0;
			defaultConfigurationName = Release;
		};
/* End XCConfigurationList section */
	};
	rootObject = 8854BF3C225EF2900027F26E /* Project object */;
}
