// !$*UTF8*$!
{
	archiveVersion = 1;
	classes = {
	};
	objectVersion = 50;
	objects = {

/* Begin PBXBuildFile section */
		8839526D2230C08900F9C193 /* AppDelegate.swift in Sources */ = {isa = PBXBuildFile; fileRef = 8839526C2230C08900F9C193 /* AppDelegate.swift */; };
		8839526F2230C08900F9C193 /* ViewController.swift in Sources */ = {isa = PBXBuildFile; fileRef = 8839526E2230C08900F9C193 /* ViewController.swift */; };
		883952722230C08900F9C193 /* Main.storyboard in Resources */ = {isa = PBXBuildFile; fileRef = 883952702230C08900F9C193 /* Main.storyboard */; };
		883952742230C08B00F9C193 /* Assets.xcassets in Resources */ = {isa = PBXBuildFile; fileRef = 883952732230C08B00F9C193 /* Assets.xcassets */; };
		883952772230C08B00F9C193 /* LaunchScreen.storyboard in Resources */ = {isa = PBXBuildFile; fileRef = 883952752230C08B00F9C193 /* LaunchScreen.storyboard */; };
		883952802230C0AC00F9C193 /* TriangleMetalView.swift in Sources */ = {isa = PBXBuildFile; fileRef = 8839527E2230C0AC00F9C193 /* TriangleMetalView.swift */; };
		883952812230C0AC00F9C193 /* Shaders.metal in Sources */ = {isa = PBXBuildFile; fileRef = 8839527F2230C0AC00F9C193 /* Shaders.metal */; };
		88395314223107C500F9C193 /* MathUtils.swift in Sources */ = {isa = PBXBuildFile; fileRef = 88395313223107C500F9C193 /* MathUtils.swift */; };
/* End PBXBuildFile section */

/* Begin PBXFileReference section */
		883952692230C08900F9C193 /* MetalMatrix.app */ = {isa = PBXFileReference; explicitFileType = wrapper.application; includeInIndex = 0; path = MetalMatrix.app; sourceTree = BUILT_PRODUCTS_DIR; };
		8839526C2230C08900F9C193 /* AppDelegate.swift */ = {isa = PBXFileReference; lastKnownFileType = sourcecode.swift; path = AppDelegate.swift; sourceTree = "<group>"; };
		8839526E2230C08900F9C193 /* ViewController.swift */ = {isa = PBXFileReference; lastKnownFileType = sourcecode.swift; path = ViewController.swift; sourceTree = "<group>"; };
		883952712230C08900F9C193 /* Base */ = {isa = PBXFileReference; lastKnownFileType = file.storyboard; name = Base; path = Base.lproj/Main.storyboard; sourceTree = "<group>"; };
		883952732230C08B00F9C193 /* Assets.xcassets */ = {isa = PBXFileReference; lastKnownFileType = folder.assetcatalog; path = Assets.xcassets; sourceTree = "<group>"; };
		883952762230C08B00F9C193 /* Base */ = {isa = PBXFileReference; lastKnownFileType = file.storyboard; name = Base; path = Base.lproj/LaunchScreen.storyboard; sourceTree = "<group>"; };
		883952782230C08B00F9C193 /* Info.plist */ = {isa = PBXFileReference; lastKnownFileType = text.plist.xml; path = Info.plist; sourceTree = "<group>"; };
		8839527E2230C0AC00F9C193 /* TriangleMetalView.swift */ = {isa = PBXFileReference; fileEncoding = 4; lastKnownFileType = sourcecode.swift; path = TriangleMetalView.swift; sourceTree = "<group>"; };
		8839527F2230C0AC00F9C193 /* Shaders.metal */ = {isa = PBXFileReference; fileEncoding = 4; lastKnownFileType = sourcecode.metal; path = Shaders.metal; sourceTree = "<group>"; };
		88395313223107C500F9C193 /* MathUtils.swift */ = {isa = PBXFileReference; lastKnownFileType = sourcecode.swift; path = MathUtils.swift; sourceTree = "<group>"; };
/* End PBXFileReference section */

/* Begin PBXFrameworksBuildPhase section */
		883952662230C08900F9C193 /* Frameworks */ = {
			isa = PBXFrameworksBuildPhase;
			buildActionMask = 2147483647;
			files = (
			);
			runOnlyForDeploymentPostprocessing = 0;
		};
/* End PBXFrameworksBuildPhase section */

/* Begin PBXGroup section */
		883952602230C08900F9C193 = {
			isa = PBXGroup;
			children = (
				8839526B2230C08900F9C193 /* MetalMatrix */,
				8839526A2230C08900F9C193 /* Products */,
			);
			sourceTree = "<group>";
		};
		8839526A2230C08900F9C193 /* Products */ = {
			isa = PBXGroup;
			children = (
				883952692230C08900F9C193 /* MetalMatrix.app */,
			);
			name = Products;
			sourceTree = "<group>";
		};
		8839526B2230C08900F9C193 /* MetalMatrix */ = {
			isa = PBXGroup;
			children = (
				8839526C2230C08900F9C193 /* AppDelegate.swift */,
				8839526E2230C08900F9C193 /* ViewController.swift */,
				883952702230C08900F9C193 /* Main.storyboard */,
				883952732230C08B00F9C193 /* Assets.xcassets */,
				883952752230C08B00F9C193 /* LaunchScreen.storyboard */,
				883952782230C08B00F9C193 /* Info.plist */,
				8839527F2230C0AC00F9C193 /* Shaders.metal */,
				8839527E2230C0AC00F9C193 /* TriangleMetalView.swift */,
				88395313223107C500F9C193 /* MathUtils.swift */,
			);
			path = MetalMatrix;
			sourceTree = "<group>";
		};
/* End PBXGroup section */

/* Begin PBXNativeTarget section */
		883952682230C08900F9C193 /* MetalMatrix */ = {
			isa = PBXNativeTarget;
			buildConfigurationList = 8839527B2230C08B00F9C193 /* Build configuration list for PBXNativeTarget "MetalMatrix" */;
			buildPhases = (
				883952652230C08900F9C193 /* Sources */,
				883952662230C08900F9C193 /* Frameworks */,
				883952672230C08900F9C193 /* Resources */,
			);
			buildRules = (
			);
			dependencies = (
			);
			name = MetalMatrix;
			productName = MetalMatrix;
			productReference = 883952692230C08900F9C193 /* MetalMatrix.app */;
			productType = "com.apple.product-type.application";
		};
/* End PBXNativeTarget section */

/* Begin PBXProject section */
		883952612230C08900F9C193 /* Project object */ = {
			isa = PBXProject;
			attributes = {
				LastSwiftUpdateCheck = 1010;
				LastUpgradeCheck = 1010;
				ORGANIZATIONNAME = Polymath;
				TargetAttributes = {
					883952682230C08900F9C193 = {
						CreatedOnToolsVersion = 10.1;
					};
				};
			};
			buildConfigurationList = 883952642230C08900F9C193 /* Build configuration list for PBXProject "MetalMatrix" */;
			compatibilityVersion = "Xcode 9.3";
			developmentRegion = en;
			hasScannedForEncodings = 0;
			knownRegions = (
				en,
				Base,
			);
			mainGroup = 883952602230C08900F9C193;
			productRefGroup = 8839526A2230C08900F9C193 /* Products */;
			projectDirPath = "";
			projectRoot = "";
			targets = (
				883952682230C08900F9C193 /* MetalMatrix */,
			);
		};
/* End PBXProject section */

/* Begin PBXResourcesBuildPhase section */
		883952672230C08900F9C193 /* Resources */ = {
			isa = PBXResourcesBuildPhase;
			buildActionMask = 2147483647;
			files = (
				883952772230C08B00F9C193 /* LaunchScreen.storyboard in Resources */,
				883952742230C08B00F9C193 /* Assets.xcassets in Resources */,
				883952722230C08900F9C193 /* Main.storyboard in Resources */,
			);
			runOnlyForDeploymentPostprocessing = 0;
		};
/* End PBXResourcesBuildPhase section */

/* Begin PBXSourcesBuildPhase section */
		883952652230C08900F9C193 /* Sources */ = {
			isa = PBXSourcesBuildPhase;
			buildActionMask = 2147483647;
			files = (
				883952812230C0AC00F9C193 /* Shaders.metal in Sources */,
				883952802230C0AC00F9C193 /* TriangleMetalView.swift in Sources */,
				8839526F2230C08900F9C193 /* ViewController.swift in Sources */,
				8839526D2230C08900F9C193 /* AppDelegate.swift in Sources */,
				88395314223107C500F9C193 /* MathUtils.swift in Sources */,
			);
			runOnlyForDeploymentPostprocessing = 0;
		};
/* End PBXSourcesBuildPhase section */

/* Begin PBXVariantGroup section */
		883952702230C08900F9C193 /* Main.storyboard */ = {
			isa = PBXVariantGroup;
			children = (
				883952712230C08900F9C193 /* Base */,
			);
			name = Main.storyboard;
			sourceTree = "<group>";
		};
		883952752230C08B00F9C193 /* LaunchScreen.storyboard */ = {
			isa = PBXVariantGroup;
			children = (
				883952762230C08B00F9C193 /* Base */,
			);
			name = LaunchScreen.storyboard;
			sourceTree = "<group>";
		};
/* End PBXVariantGroup section */

/* Begin XCBuildConfiguration section */
		883952792230C08B00F9C193 /* Debug */ = {
			isa = XCBuildConfiguration;
			buildSettings = {
				ALWAYS_SEARCH_USER_PATHS = NO;
				CLANG_ANALYZER_NONNULL = YES;
				CLANG_ANALYZER_NUMBER_OBJECT_CONVERSION = YES_AGGRESSIVE;
				CLANG_CXX_LANGUAGE_STANDARD = "gnu++14";
				CLANG_CXX_LIBRARY = "libc++";
				CLANG_ENABLE_MODULES = YES;
				CLANG_ENABLE_OBJC_ARC = YES;
				CLANG_ENABLE_OBJC_WEAK = YES;
				CLANG_WARN_BLOCK_CAPTURE_AUTORELEASING = YES;
				CLANG_WARN_BOOL_CONVERSION = YES;
				CLANG_WARN_COMMA = YES;
				CLANG_WARN_CONSTANT_CONVERSION = YES;
				CLANG_WARN_DEPRECATED_OBJC_IMPLEMENTATIONS = YES;
				CLANG_WARN_DIRECT_OBJC_ISA_USAGE = YES_ERROR;
				CLANG_WARN_DOCUMENTATION_COMMENTS = YES;
				CLANG_WARN_EMPTY_BODY = YES;
				CLANG_WARN_ENUM_CONVERSION = YES;
				CLANG_WARN_INFINITE_RECURSION = YES;
				CLANG_WARN_INT_CONVERSION = YES;
				CLANG_WARN_NON_LITERAL_NULL_CONVERSION = YES;
				CLANG_WARN_OBJC_IMPLICIT_RETAIN_SELF = YES;
				CLANG_WARN_OBJC_LITERAL_CONVERSION = YES;
				CLANG_WARN_OBJC_ROOT_CLASS = YES_ERROR;
				CLANG_WARN_RANGE_LOOP_ANALYSIS = YES;
				CLANG_WARN_STRICT_PROTOTYPES = YES;
				CLANG_WARN_SUSPICIOUS_MOVE = YES;
				CLANG_WARN_UNGUARDED_AVAILABILITY = YES_AGGRESSIVE;
				CLANG_WARN_UNREACHABLE_CODE = YES;
				CLANG_WARN__DUPLICATE_METHOD_MATCH = YES;
				CODE_SIGN_IDENTITY = "iPhone Developer";
				COPY_PHASE_STRIP = NO;
				DEBUG_INFORMATION_FORMAT = dwarf;
				ENABLE_STRICT_OBJC_MSGSEND = YES;
				ENABLE_TESTABILITY = YES;
				GCC_C_LANGUAGE_STANDARD = gnu11;
				GCC_DYNAMIC_NO_PIC = NO;
				GCC_NO_COMMON_BLOCKS = YES;
				GCC_OPTIMIZATION_LEVEL = 0;
				GCC_PREPROCESSOR_DEFINITIONS = (
					"DEBUG=1",
					"$(inherited)",
				);
				GCC_WARN_64_TO_32_BIT_CONVERSION = YES;
				GCC_WARN_ABOUT_RETURN_TYPE = YES_ERROR;
				GCC_WARN_UNDECLARED_SELECTOR = YES;
				GCC_WARN_UNINITIALIZED_AUTOS = YES_AGGRESSIVE;
				GCC_WARN_UNUSED_FUNCTION = YES;
				GCC_WARN_UNUSED_VARIABLE = YES;
				IPHONEOS_DEPLOYMENT_TARGET = 12.1;
				MTL_ENABLE_DEBUG_INFO = INCLUDE_SOURCE;
				MTL_FAST_MATH = YES;
				ONLY_ACTIVE_ARCH = YES;
				SDKROOT = iphoneos;
				SWIFT_ACTIVE_COMPILATION_CONDITIONS = DEBUG;
				SWIFT_OPTIMIZATION_LEVEL = "-Onone";
			};
			name = Debug;
		};
		8839527A2230C08B00F9C193 /* Release */ = {
			isa = XCBuildConfiguration;
			buildSettings = {
				ALWAYS_SEARCH_USER_PATHS = NO;
				CLANG_ANALYZER_NONNULL = YES;
				CLANG_ANALYZER_NUMBER_OBJECT_CONVERSION = YES_AGGRESSIVE;
				CLANG_CXX_LANGUAGE_STANDARD = "gnu++14";
				CLANG_CXX_LIBRARY = "libc++";
				CLANG_ENABLE_MODULES = YES;
				CLANG_ENABLE_OBJC_ARC = YES;
				CLANG_ENABLE_OBJC_WEAK = YES;
				CLANG_WARN_BLOCK_CAPTURE_AUTORELEASING = YES;
				CLANG_WARN_BOOL_CONVERSION = YES;
				CLANG_WARN_COMMA = YES;
				CLANG_WARN_CONSTANT_CONVERSION = YES;
				CLANG_WARN_DEPRECATED_OBJC_IMPLEMENTATIONS = YES;
				CLANG_WARN_DIRECT_OBJC_ISA_USAGE = YES_ERROR;
				CLANG_WARN_DOCUMENTATION_COMMENTS = YES;
				CLANG_WARN_EMPTY_BODY = YES;
				CLANG_WARN_ENUM_CONVERSION = YES;
				CLANG_WARN_INFINITE_RECURSION = YES;
				CLANG_WARN_INT_CONVERSION = YES;
				CLANG_WARN_NON_LITERAL_NULL_CONVERSION = YES;
				CLANG_WARN_OBJC_IMPLICIT_RETAIN_SELF = YES;
				CLANG_WARN_OBJC_LITERAL_CONVERSION = YES;
				CLANG_WARN_OBJC_ROOT_CLASS = YES_ERROR;
				CLANG_WARN_RANGE_LOOP_ANALYSIS = YES;
				CLANG_WARN_STRICT_PROTOTYPES = YES;
				CLANG_WARN_SUSPICIOUS_MOVE = YES;
				CLANG_WARN_UNGUARDED_AVAILABILITY = YES_AGGRESSIVE;
				CLANG_WARN_UNREACHABLE_CODE = YES;
				CLANG_WARN__DUPLICATE_METHOD_MATCH = YES;
				CODE_SIGN_IDENTITY = "iPhone Developer";
				COPY_PHASE_STRIP = NO;
				DEBUG_INFORMATION_FORMAT = "dwarf-with-dsym";
				ENABLE_NS_ASSERTIONS = NO;
				ENABLE_STRICT_OBJC_MSGSEND = YES;
				GCC_C_LANGUAGE_STANDARD = gnu11;
				GCC_NO_COMMON_BLOCKS = YES;
				GCC_WARN_64_TO_32_BIT_CONVERSION = YES;
				GCC_WARN_ABOUT_RETURN_TYPE = YES_ERROR;
				GCC_WARN_UNDECLARED_SELECTOR = YES;
				GCC_WARN_UNINITIALIZED_AUTOS = YES_AGGRESSIVE;
				GCC_WARN_UNUSED_FUNCTION = YES;
				GCC_WARN_UNUSED_VARIABLE = YES;
				IPHONEOS_DEPLOYMENT_TARGET = 12.1;
				MTL_ENABLE_DEBUG_INFO = NO;
				MTL_FAST_MATH = YES;
				SDKROOT = iphoneos;
				SWIFT_COMPILATION_MODE = wholemodule;
				SWIFT_OPTIMIZATION_LEVEL = "-O";
				VALIDATE_PRODUCT = YES;
			};
			name = Release;
		};
		8839527C2230C08B00F9C193 /* Debug */ = {
			isa = XCBuildConfiguration;
			buildSettings = {
				ASSETCATALOG_COMPILER_APPICON_NAME = AppIcon;
				CODE_SIGN_STYLE = Automatic;
				DEVELOPMENT_TEAM = 8X2UF2GG54;
				INFOPLIST_FILE = MetalMatrix/Info.plist;
				IPHONEOS_DEPLOYMENT_TARGET = 12.0;
				LD_RUNPATH_SEARCH_PATHS = (
					"$(inherited)",
					"@executable_path/Frameworks",
				);
				PRODUCT_BUNDLE_IDENTIFIER = com.polymath.MetalMatrix;
				PRODUCT_NAME = "$(TARGET_NAME)";
				SWIFT_VERSION = 4.2;
				TARGETED_DEVICE_FAMILY = "1,2";
			};
			name = Debug;
		};
		8839527D2230C08B00F9C193 /* Release */ = {
			isa = XCBuildConfiguration;
			buildSettings = {
				ASSETCATALOG_COMPILER_APPICON_NAME = AppIcon;
				CODE_SIGN_STYLE = Automatic;
				DEVELOPMENT_TEAM = 8X2UF2GG54;
				INFOPLIST_FILE = MetalMatrix/Info.plist;
				IPHONEOS_DEPLOYMENT_TARGET = 12.0;
				LD_RUNPATH_SEARCH_PATHS = (
					"$(inherited)",
					"@executable_path/Frameworks",
				);
				PRODUCT_BUNDLE_IDENTIFIER = com.polymath.MetalMatrix;
				PRODUCT_NAME = "$(TARGET_NAME)";
				SWIFT_VERSION = 4.2;
				TARGETED_DEVICE_FAMILY = "1,2";
			};
			name = Release;
		};
/* End XCBuildConfiguration section */

/* Begin XCConfigurationList section */
		883952642230C08900F9C193 /* Build configuration list for PBXProject "MetalMatrix" */ = {
			isa = XCConfigurationList;
			buildConfigurations = (
				883952792230C08B00F9C193 /* Debug */,
				8839527A2230C08B00F9C193 /* Release */,
			);
			defaultConfigurationIsVisible = 0;
			defaultConfigurationName = Release;
		};
		8839527B2230C08B00F9C193 /* Build configuration list for PBXNativeTarget "MetalMatrix" */ = {
			isa = XCConfigurationList;
			buildConfigurations = (
				8839527C2230C08B00F9C193 /* Debug */,
				8839527D2230C08B00F9C193 /* Release */,
			);
			defaultConfigurationIsVisible = 0;
			defaultConfigurationName = Release;
		};
/* End XCConfigurationList section */
	};
	rootObject = 883952612230C08900F9C193 /* Project object */;
}
